
Microsoft Visual Studio Solution File, Format Version 12.00
# Visual Studio Version 16
VisualStudioVersion = 16.0.32602.291
MinimumVisualStudioVersion = 10.0.40219.1
Project("{FAE04EC0-301F-11D3-BF4B-00C04F79EFBC}") = "DogsProject", "DogsProject\DogsProject.csproj", "{FF2D4C31-3000-4305-B36D-4BF5C865B4BB}"
EndProject
Global
	GlobalSection(SolutionConfigurationPlatforms) = preSolution
		Debug|Any CPU = Debug|Any CPU
		Release|Any CPU = Release|Any CPU
	EndGlobalSection
	GlobalSection(ProjectConfigurationPlatforms) = postSolution
		{FF2D4C31-3000-4305-B36D-4BF5C865B4BB}.Debug|Any CPU.ActiveCfg = Debug|Any CPU
		{FF2D4C31-3000-4305-B36D-4BF5C865B4BB}.Debug|Any CPU.Build.0 = Debug|Any CPU
		{FF2D4C31-3000-4305-B36D-4BF5C865B4BB}.Release|Any CPU.ActiveCfg = Release|Any CPU
		{FF2D4C31-3000-4305-B36D-4BF5C865B4BB}.Release|Any CPU.Build.0 = Release|Any CPU
	EndGlobalSection
	GlobalSection(SolutionProperties) = preSolution
		HideSolutionNode = FALSE
	EndGlobalSection
	GlobalSection(ExtensibilityGlobals) = postSolution
		SolutionGuid = {1055B9B8-04A7-42C3-8AF6-EF90AA739237}
	EndGlobalSection
EndGlobal
